// !$*UTF8*$!
{
	archiveVersion = 1;
	classes = {
	};
	objectVersion = 50;
	objects = {

/* Begin PBXBuildFile section */
		C15C328F25B7D79800E41F21 /* cropped-logo-1.png in Resources */ = {isa = PBXBuildFile; fileRef = C15C328E25B7D79800E41F21 /* cropped-logo-1.png */; };
		C15C329225B7D84000E41F21 /* frame.png in Resources */ = {isa = PBXBuildFile; fileRef = C15C329125B7D84000E41F21 /* frame.png */; };
		C17F54F625B77C6B003100C8 /* AppDelegate.swift in Sources */ = {isa = PBXBuildFile; fileRef = C17F54F525B77C6B003100C8 /* AppDelegate.swift */; };
		C17F54F825B77C6B003100C8 /* SceneDelegate.swift in Sources */ = {isa = PBXBuildFile; fileRef = C17F54F725B77C6B003100C8 /* SceneDelegate.swift */; };
		C17F54FA25B77C6B003100C8 /* ViewController.swift in Sources */ = {isa = PBXBuildFile; fileRef = C17F54F925B77C6B003100C8 /* ViewController.swift */; };
		C17F54FD25B77C6B003100C8 /* Main.storyboard in Resources */ = {isa = PBXBuildFile; fileRef = C17F54FB25B77C6B003100C8 /* Main.storyboard */; };
		C17F54FF25B77C6D003100C8 /* Assets.xcassets in Resources */ = {isa = PBXBuildFile; fileRef = C17F54FE25B77C6D003100C8 /* Assets.xcassets */; };
		C17F550225B77C6D003100C8 /* LaunchScreen.storyboard in Resources */ = {isa = PBXBuildFile; fileRef = C17F550025B77C6D003100C8 /* LaunchScreen.storyboard */; };
/* End PBXBuildFile section */

/* Begin PBXFileReference section */
		C15C328E25B7D79800E41F21 /* cropped-logo-1.png */ = {isa = PBXFileReference; lastKnownFileType = image.png; path = "cropped-logo-1.png"; sourceTree = "<group>"; };
		C15C329125B7D84000E41F21 /* frame.png */ = {isa = PBXFileReference; lastKnownFileType = image.png; path = frame.png; sourceTree = "<group>"; };
		C17D3BFF25B877DF00181BAA /* Quicksand-Medium.ttf */ = {isa = PBXFileReference; lastKnownFileType = file; path = "Quicksand-Medium.ttf"; sourceTree = "<group>"; };
		C17D3C0025B877DF00181BAA /* Quicksand-Bold.ttf */ = {isa = PBXFileReference; lastKnownFileType = file; path = "Quicksand-Bold.ttf"; sourceTree = "<group>"; };
		C17D3C0125B877DF00181BAA /* Quicksand-Light.ttf */ = {isa = PBXFileReference; lastKnownFileType = file; path = "Quicksand-Light.ttf"; sourceTree = "<group>"; };
		C17D3C0225B877E000181BAA /* Quicksand-Regular.ttf */ = {isa = PBXFileReference; lastKnownFileType = file; path = "Quicksand-Regular.ttf"; sourceTree = "<group>"; };
		C17D3C0325B877E000181BAA /* Quicksand-SemiBold.ttf */ = {isa = PBXFileReference; lastKnownFileType = file; path = "Quicksand-SemiBold.ttf"; sourceTree = "<group>"; };
		C17F54F225B77C6B003100C8 /* forinstabuy.app */ = {isa = PBXFileReference; explicitFileType = wrapper.application; includeInIndex = 0; path = forinstabuy.app; sourceTree = BUILT_PRODUCTS_DIR; };
		C17F54F525B77C6B003100C8 /* AppDelegate.swift */ = {isa = PBXFileReference; lastKnownFileType = sourcecode.swift; path = AppDelegate.swift; sourceTree = "<group>"; };
		C17F54F725B77C6B003100C8 /* SceneDelegate.swift */ = {isa = PBXFileReference; lastKnownFileType = sourcecode.swift; path = SceneDelegate.swift; sourceTree = "<group>"; };
		C17F54F925B77C6B003100C8 /* ViewController.swift */ = {isa = PBXFileReference; lastKnownFileType = sourcecode.swift; path = ViewController.swift; sourceTree = "<group>"; };
		C17F54FC25B77C6B003100C8 /* Base */ = {isa = PBXFileReference; lastKnownFileType = file.storyboard; name = Base; path = Base.lproj/Main.storyboard; sourceTree = "<group>"; };
		C17F54FE25B77C6D003100C8 /* Assets.xcassets */ = {isa = PBXFileReference; lastKnownFileType = folder.assetcatalog; path = Assets.xcassets; sourceTree = "<group>"; };
		C17F550125B77C6D003100C8 /* Base */ = {isa = PBXFileReference; lastKnownFileType = file.storyboard; name = Base; path = Base.lproj/LaunchScreen.storyboard; sourceTree = "<group>"; };
		C17F550325B77C6D003100C8 /* Info.plist */ = {isa = PBXFileReference; lastKnownFileType = text.plist.xml; path = Info.plist; sourceTree = "<group>"; };
/* End PBXFileReference section */

/* Begin PBXFrameworksBuildPhase section */
		C17F54EF25B77C6B003100C8 /* Frameworks */ = {
			isa = PBXFrameworksBuildPhase;
			buildActionMask = 2147483647;
			files = (
			);
			runOnlyForDeploymentPostprocessing = 0;
		};
/* End PBXFrameworksBuildPhase section */

/* Begin PBXGroup section */
		C15C328D25B7D78D00E41F21 /* imgs */ = {
			isa = PBXGroup;
			children = (
				C15C329125B7D84000E41F21 /* frame.png */,
				C15C328E25B7D79800E41F21 /* cropped-logo-1.png */,
			);
			path = imgs;
			sourceTree = "<group>";
		};
		C17D3BFA25B8779700181BAA /* font */ = {
			isa = PBXGroup;
			children = (
				C17D3C0025B877DF00181BAA /* Quicksand-Bold.ttf */,
				C17D3C0125B877DF00181BAA /* Quicksand-Light.ttf */,
				C17D3BFF25B877DF00181BAA /* Quicksand-Medium.ttf */,
				C17D3C0225B877E000181BAA /* Quicksand-Regular.ttf */,
				C17D3C0325B877E000181BAA /* Quicksand-SemiBold.ttf */,
			);
			path = font;
			sourceTree = "<group>";
		};
		C17F54E925B77C6B003100C8 = {
			isa = PBXGroup;
			children = (
				C17F54F425B77C6B003100C8 /* forinstabuy */,
				C17F54F325B77C6B003100C8 /* Products */,
			);
			sourceTree = "<group>";
		};
		C17F54F325B77C6B003100C8 /* Products */ = {
			isa = PBXGroup;
			children = (
				C17F54F225B77C6B003100C8 /* forinstabuy.app */,
			);
			name = Products;
			sourceTree = "<group>";
		};
		C17F54F425B77C6B003100C8 /* forinstabuy */ = {
			isa = PBXGroup;
			children = (
				C17D3BFA25B8779700181BAA /* font */,
				C15C328D25B7D78D00E41F21 /* imgs */,
				C17F54F525B77C6B003100C8 /* AppDelegate.swift */,
				C17F54F725B77C6B003100C8 /* SceneDelegate.swift */,
				C17F54F925B77C6B003100C8 /* ViewController.swift */,
				C17F54FB25B77C6B003100C8 /* Main.storyboard */,
				C17F54FE25B77C6D003100C8 /* Assets.xcassets */,
				C17F550025B77C6D003100C8 /* LaunchScreen.storyboard */,
				C17F550325B77C6D003100C8 /* Info.plist */,
			);
			path = forinstabuy;
			sourceTree = "<group>";
		};
/* End PBXGroup section */

/* Begin PBXNativeTarget section */
		C17F54F125B77C6B003100C8 /* forinstabuy */ = {
			isa = PBXNativeTarget;
			buildConfigurationList = C17F550625B77C6D003100C8 /* Build configuration list for PBXNativeTarget "forinstabuy" */;
			buildPhases = (
				C17F54EE25B77C6B003100C8 /* Sources */,
				C17F54EF25B77C6B003100C8 /* Frameworks */,
				C17F54F025B77C6B003100C8 /* Resources */,
			);
			buildRules = (
			);
			dependencies = (
			);
			name = forinstabuy;
			productName = forinstabuy;
			productReference = C17F54F225B77C6B003100C8 /* forinstabuy.app */;
			productType = "com.apple.product-type.application";
		};
/* End PBXNativeTarget section */

/* Begin PBXProject section */
		C17F54EA25B77C6B003100C8 /* Project object */ = {
			isa = PBXProject;
			attributes = {
				LastSwiftUpdateCheck = 1230;
				LastUpgradeCheck = 1230;
				TargetAttributes = {
					C17F54F125B77C6B003100C8 = {
						CreatedOnToolsVersion = 12.3;
					};
				};
			};
			buildConfigurationList = C17F54ED25B77C6B003100C8 /* Build configuration list for PBXProject "forinstabuy" */;
			compatibilityVersion = "Xcode 9.3";
			developmentRegion = en;
			hasScannedForEncodings = 0;
			knownRegions = (
				en,
				Base,
			);
			mainGroup = C17F54E925B77C6B003100C8;
			productRefGroup = C17F54F325B77C6B003100C8 /* Products */;
			projectDirPath = "";
			projectRoot = "";
			targets = (
				C17F54F125B77C6B003100C8 /* forinstabuy */,
			);
		};
/* End PBXProject section */

/* Begin PBXResourcesBuildPhase section */
		C17F54F025B77C6B003100C8 /* Resources */ = {
			isa = PBXResourcesBuildPhase;
			buildActionMask = 2147483647;
			files = (
				C17F550225B77C6D003100C8 /* LaunchScreen.storyboard in Resources */,
				C17F54FF25B77C6D003100C8 /* Assets.xcassets in Resources */,
				C15C328F25B7D79800E41F21 /* cropped-logo-1.png in Resources */,
				C15C329225B7D84000E41F21 /* frame.png in Resources */,
				C17F54FD25B77C6B003100C8 /* Main.storyboard in Resources */,
			);
			runOnlyForDeploymentPostprocessing = 0;
		};
/* End PBXResourcesBuildPhase section */

/* Begin PBXSourcesBuildPhase section */
		C17F54EE25B77C6B003100C8 /* Sources */ = {
			isa = PBXSourcesBuildPhase;
			buildActionMask = 2147483647;
			files = (
				C17F54FA25B77C6B003100C8 /* ViewController.swift in Sources */,
				C17F54F625B77C6B003100C8 /* AppDelegate.swift in Sources */,
				C17F54F825B77C6B003100C8 /* SceneDelegate.swift in Sources */,
			);
			runOnlyForDeploymentPostprocessing = 0;
		};
/* End PBXSourcesBuildPhase section */

/* Begin PBXVariantGroup section */
		C17F54FB25B77C6B003100C8 /* Main.storyboard */ = {
			isa = PBXVariantGroup;
			children = (
				C17F54FC25B77C6B003100C8 /* Base */,
			);
			name = Main.storyboard;
			sourceTree = "<group>";
		};
		C17F550025B77C6D003100C8 /* LaunchScreen.storyboard */ = {
			isa = PBXVariantGroup;
			children = (
				C17F550125B77C6D003100C8 /* Base */,
			);
			name = LaunchScreen.storyboard;
			sourceTree = "<group>";
		};
/* End PBXVariantGroup section */

/* Begin XCBuildConfiguration section */
		C17F550425B77C6D003100C8 /* Debug */ = {
			isa = XCBuildConfiguration;
			buildSettings = {
				ALWAYS_SEARCH_USER_PATHS = NO;
				CLANG_ANALYZER_NONNULL = YES;
				CLANG_ANALYZER_NUMBER_OBJECT_CONVERSION = YES_AGGRESSIVE;
				CLANG_CXX_LANGUAGE_STANDARD = "gnu++14";
				CLANG_CXX_LIBRARY = "libc++";
				CLANG_ENABLE_MODULES = YES;
				CLANG_ENABLE_OBJC_ARC = YES;
				CLANG_ENABLE_OBJC_WEAK = YES;
				CLANG_WARN_BLOCK_CAPTURE_AUTORELEASING = YES;
				CLANG_WARN_BOOL_CONVERSION = YES;
				CLANG_WARN_COMMA = YES;
				CLANG_WARN_CONSTANT_CONVERSION = YES;
				CLANG_WARN_DEPRECATED_OBJC_IMPLEMENTATIONS = YES;
				CLANG_WARN_DIRECT_OBJC_ISA_USAGE = YES_ERROR;
				CLANG_WARN_DOCUMENTATION_COMMENTS = YES;
				CLANG_WARN_EMPTY_BODY = YES;
				CLANG_WARN_ENUM_CONVERSION = YES;
				CLANG_WARN_INFINITE_RECURSION = YES;
				CLANG_WARN_INT_CONVERSION = YES;
				CLANG_WARN_NON_LITERAL_NULL_CONVERSION = YES;
				CLANG_WARN_OBJC_IMPLICIT_RETAIN_SELF = YES;
				CLANG_WARN_OBJC_LITERAL_CONVERSION = YES;
				CLANG_WARN_OBJC_ROOT_CLASS = YES_ERROR;
				CLANG_WARN_QUOTED_INCLUDE_IN_FRAMEWORK_HEADER = YES;
				CLANG_WARN_RANGE_LOOP_ANALYSIS = YES;
				CLANG_WARN_STRICT_PROTOTYPES = YES;
				CLANG_WARN_SUSPICIOUS_MOVE = YES;
				CLANG_WARN_UNGUARDED_AVAILABILITY = YES_AGGRESSIVE;
				CLANG_WARN_UNREACHABLE_CODE = YES;
				CLANG_WARN__DUPLICATE_METHOD_MATCH = YES;
				COPY_PHASE_STRIP = NO;
				DEBUG_INFORMATION_FORMAT = dwarf;
				ENABLE_STRICT_OBJC_MSGSEND = YES;
				ENABLE_TESTABILITY = YES;
				GCC_C_LANGUAGE_STANDARD = gnu11;
				GCC_DYNAMIC_NO_PIC = NO;
				GCC_NO_COMMON_BLOCKS = YES;
				GCC_OPTIMIZATION_LEVEL = 0;
				GCC_PREPROCESSOR_DEFINITIONS = (
					"DEBUG=1",
					"$(inherited)",
				);
				GCC_WARN_64_TO_32_BIT_CONVERSION = YES;
				GCC_WARN_ABOUT_RETURN_TYPE = YES_ERROR;
				GCC_WARN_UNDECLARED_SELECTOR = YES;
				GCC_WARN_UNINITIALIZED_AUTOS = YES_AGGRESSIVE;
				GCC_WARN_UNUSED_FUNCTION = YES;
				GCC_WARN_UNUSED_VARIABLE = YES;
				IPHONEOS_DEPLOYMENT_TARGET = 13.0;
				MTL_ENABLE_DEBUG_INFO = INCLUDE_SOURCE;
				MTL_FAST_MATH = YES;
				ONLY_ACTIVE_ARCH = YES;
				SDKROOT = iphoneos;
				SWIFT_ACTIVE_COMPILATION_CONDITIONS = DEBUG;
				SWIFT_OPTIMIZATION_LEVEL = "-Onone";
			};
			name = Debug;
		};
		C17F550525B77C6D003100C8 /* Release */ = {
			isa = XCBuildConfiguration;
			buildSettings = {
				ALWAYS_SEARCH_USER_PATHS = NO;
				CLANG_ANALYZER_NONNULL = YES;
				CLANG_ANALYZER_NUMBER_OBJECT_CONVERSION = YES_AGGRESSIVE;
				CLANG_CXX_LANGUAGE_STANDARD = "gnu++14";
				CLANG_CXX_LIBRARY = "libc++";
				CLANG_ENABLE_MODULES = YES;
				CLANG_ENABLE_OBJC_ARC = YES;
				CLANG_ENABLE_OBJC_WEAK = YES;
				CLANG_WARN_BLOCK_CAPTURE_AUTORELEASING = YES;
				CLANG_WARN_BOOL_CONVERSION = YES;
				CLANG_WARN_COMMA = YES;
				CLANG_WARN_CONSTANT_CONVERSION = YES;
				CLANG_WARN_DEPRECATED_OBJC_IMPLEMENTATIONS = YES;
				CLANG_WARN_DIRECT_OBJC_ISA_USAGE = YES_ERROR;
				CLANG_WARN_DOCUMENTATION_COMMENTS = YES;
				CLANG_WARN_EMPTY_BODY = YES;
				CLANG_WARN_ENUM_CONVERSION = YES;
				CLANG_WARN_INFINITE_RECURSION = YES;
				CLANG_WARN_INT_CONVERSION = YES;
				CLANG_WARN_NON_LITERAL_NULL_CONVERSION = YES;
				CLANG_WARN_OBJC_IMPLICIT_RETAIN_SELF = YES;
				CLANG_WARN_OBJC_LITERAL_CONVERSION = YES;
				CLANG_WARN_OBJC_ROOT_CLASS = YES_ERROR;
				CLANG_WARN_QUOTED_INCLUDE_IN_FRAMEWORK_HEADER = YES;
				CLANG_WARN_RANGE_LOOP_ANALYSIS = YES;
				CLANG_WARN_STRICT_PROTOTYPES = YES;
				CLANG_WARN_SUSPICIOUS_MOVE = YES;
				CLANG_WARN_UNGUARDED_AVAILABILITY = YES_AGGRESSIVE;
				CLANG_WARN_UNREACHABLE_CODE = YES;
				CLANG_WARN__DUPLICATE_METHOD_MATCH = YES;
				COPY_PHASE_STRIP = NO;
				DEBUG_INFORMATION_FORMAT = "dwarf-with-dsym";
				ENABLE_NS_ASSERTIONS = NO;
				ENABLE_STRICT_OBJC_MSGSEND = YES;
				GCC_C_LANGUAGE_STANDARD = gnu11;
				GCC_NO_COMMON_BLOCKS = YES;
				GCC_WARN_64_TO_32_BIT_CONVERSION = YES;
				GCC_WARN_ABOUT_RETURN_TYPE = YES_ERROR;
				GCC_WARN_UNDECLARED_SELECTOR = YES;
				GCC_WARN_UNINITIALIZED_AUTOS = YES_AGGRESSIVE;
				GCC_WARN_UNUSED_FUNCTION = YES;
				GCC_WARN_UNUSED_VARIABLE = YES;
				IPHONEOS_DEPLOYMENT_TARGET = 13.0;
				MTL_ENABLE_DEBUG_INFO = NO;
				MTL_FAST_MATH = YES;
				SDKROOT = iphoneos;
				SWIFT_COMPILATION_MODE = wholemodule;
				SWIFT_OPTIMIZATION_LEVEL = "-O";
				VALIDATE_PRODUCT = YES;
			};
			name = Release;
		};
		C17F550725B77C6D003100C8 /* Debug */ = {
			isa = XCBuildConfiguration;
			buildSettings = {
				ASSETCATALOG_COMPILER_APPICON_NAME = AppIcon;
				ASSETCATALOG_COMPILER_GLOBAL_ACCENT_COLOR_NAME = AccentColor;
				CODE_SIGN_STYLE = Automatic;
				DEVELOPMENT_TEAM = 56PC8XS3LY;
				INFOPLIST_FILE = forinstabuy/Info.plist;
				LD_RUNPATH_SEARCH_PATHS = (
					"$(inherited)",
					"@executable_path/Frameworks",
				);
				PRODUCT_BUNDLE_IDENTIFIER = gabrielvilarouca.forinstabuy;
				PRODUCT_NAME = "$(TARGET_NAME)";
				SWIFT_VERSION = 5.0;
				TARGETED_DEVICE_FAMILY = "1,2";
			};
			name = Debug;
		};
		C17F550825B77C6D003100C8 /* Release */ = {
			isa = XCBuildConfiguration;
			buildSettings = {
				ASSETCATALOG_COMPILER_APPICON_NAME = AppIcon;
				ASSETCATALOG_COMPILER_GLOBAL_ACCENT_COLOR_NAME = AccentColor;
				CODE_SIGN_STYLE = Automatic;
				DEVELOPMENT_TEAM = 56PC8XS3LY;
				INFOPLIST_FILE = forinstabuy/Info.plist;
				LD_RUNPATH_SEARCH_PATHS = (
					"$(inherited)",
					"@executable_path/Frameworks",
				);
				PRODUCT_BUNDLE_IDENTIFIER = gabrielvilarouca.forinstabuy;
				PRODUCT_NAME = "$(TARGET_NAME)";
				SWIFT_VERSION = 5.0;
				TARGETED_DEVICE_FAMILY = "1,2";
			};
			name = Release;
		};
/* End XCBuildConfiguration section */

/* Begin XCConfigurationList section */
		C17F54ED25B77C6B003100C8 /* Build configuration list for PBXProject "forinstabuy" */ = {
			isa = XCConfigurationList;
			buildConfigurations = (
				C17F550425B77C6D003100C8 /* Debug */,
				C17F550525B77C6D003100C8 /* Release */,
			);
			defaultConfigurationIsVisible = 0;
			defaultConfigurationName = Release;
		};
		C17F550625B77C6D003100C8 /* Build configuration list for PBXNativeTarget "forinstabuy" */ = {
			isa = XCConfigurationList;
			buildConfigurations = (
				C17F550725B77C6D003100C8 /* Debug */,
				C17F550825B77C6D003100C8 /* Release */,
			);
			defaultConfigurationIsVisible = 0;
			defaultConfigurationName = Release;
		};
/* End XCConfigurationList section */
	};
	rootObject = C17F54EA25B77C6B003100C8 /* Project object */;
}
